
Microsoft Visual Studio Solution File, Format Version 12.00
# Visual Studio Version 16
VisualStudioVersion = 16.0.30413.136
MinimumVisualStudioVersion = 10.0.40219.1
Project("{FAE04EC0-301F-11D3-BF4B-00C04F79EFBC}") = "Rubic Test", "Rubic Test\Rubic Test.csproj", "{B1B8DFCD-ECAC-4630-B7B6-CE79E48F5FDE}"
EndProject
Global
	GlobalSection(SolutionConfigurationPlatforms) = preSolution
		Debug|Any CPU = Debug|Any CPU
		Release|Any CPU = Release|Any CPU
	EndGlobalSection
	GlobalSection(ProjectConfigurationPlatforms) = postSolution
		{B1B8DFCD-ECAC-4630-B7B6-CE79E48F5FDE}.Debug|Any CPU.ActiveCfg = Debug|Any CPU
		{B1B8DFCD-ECAC-4630-B7B6-CE79E48F5FDE}.Debug|Any CPU.Build.0 = Debug|Any CPU
		{B1B8DFCD-ECAC-4630-B7B6-CE79E48F5FDE}.Release|Any CPU.ActiveCfg = Release|Any CPU
		{B1B8DFCD-ECAC-4630-B7B6-CE79E48F5FDE}.Release|Any CPU.Build.0 = Release|Any CPU
	EndGlobalSection
	GlobalSection(SolutionProperties) = preSolution
		HideSolutionNode = FALSE
	EndGlobalSection
	GlobalSection(ExtensibilityGlobals) = postSolution
		SolutionGuid = {21FA3D13-B365-4534-AE6E-2C7E6FB1F604}
	EndGlobalSection
EndGlobal
